
Microsoft Visual Studio Solution File, Format Version 12.00
# Visual Studio Version 16
VisualStudioVersion = 25.0.1706.2
MinimumVisualStudioVersion = 10.0.40219.1
Project("{FAE04EC0-301F-11D3-BF4B-00C04F79EFBC}") = "MF.JwtStore.Core", "MF.JwtStore.Core\MF.JwtStore.Core.csproj", "{BCB59A69-BB57-45FA-B895-407E197D85BC}"
EndProject
Project("{FAE04EC0-301F-11D3-BF4B-00C04F79EFBC}") = "MF.JwtStore.Infra", "MF.JwtStore.Infra\MF.JwtStore.Infra.csproj", "{B6B243C0-DA64-4E3D-AFB2-F4B4CB3C8EBF}"
EndProject
Project("{FAE04EC0-301F-11D3-BF4B-00C04F79EFBC}") = "MF.JwtStore.Api", "MF.JwtStore.Api\MF.JwtStore.Api.csproj", "{765F8F3E-B160-48E4-8775-E0D6515AAB40}"
EndProject
Global
	GlobalSection(SolutionConfigurationPlatforms) = preSolution
		Debug|Any CPU = Debug|Any CPU
		Release|Any CPU = Release|Any CPU
	EndGlobalSection
	GlobalSection(ProjectConfigurationPlatforms) = postSolution
		{BCB59A69-BB57-45FA-B895-407E197D85BC}.Debug|Any CPU.ActiveCfg = Debug|Any CPU
		{BCB59A69-BB57-45FA-B895-407E197D85BC}.Debug|Any CPU.Build.0 = Debug|Any CPU
		{BCB59A69-BB57-45FA-B895-407E197D85BC}.Release|Any CPU.ActiveCfg = Release|Any CPU
		{BCB59A69-BB57-45FA-B895-407E197D85BC}.Release|Any CPU.Build.0 = Release|Any CPU
		{B6B243C0-DA64-4E3D-AFB2-F4B4CB3C8EBF}.Debug|Any CPU.ActiveCfg = Debug|Any CPU
		{B6B243C0-DA64-4E3D-AFB2-F4B4CB3C8EBF}.Debug|Any CPU.Build.0 = Debug|Any CPU
		{B6B243C0-DA64-4E3D-AFB2-F4B4CB3C8EBF}.Release|Any CPU.ActiveCfg = Release|Any CPU
		{B6B243C0-DA64-4E3D-AFB2-F4B4CB3C8EBF}.Release|Any CPU.Build.0 = Release|Any CPU
		{765F8F3E-B160-48E4-8775-E0D6515AAB40}.Debug|Any CPU.ActiveCfg = Debug|Any CPU
		{765F8F3E-B160-48E4-8775-E0D6515AAB40}.Debug|Any CPU.Build.0 = Debug|Any CPU
		{765F8F3E-B160-48E4-8775-E0D6515AAB40}.Release|Any CPU.ActiveCfg = Release|Any CPU
		{765F8F3E-B160-48E4-8775-E0D6515AAB40}.Release|Any CPU.Build.0 = Release|Any CPU
	EndGlobalSection
	GlobalSection(SolutionProperties) = preSolution
		HideSolutionNode = FALSE
	EndGlobalSection
	GlobalSection(ExtensibilityGlobals) = postSolution
		SolutionGuid = {9821826C-6057-4F9E-9EF3-7D68FAAF0196}
	EndGlobalSection
	GlobalSection(MonoDevelopProperties) = preSolution
		Policies = $0
		$0.TextStylePolicy = $1
		$1.inheritsSet = null
		$1.scope = text/x-csharp
		$0.CSharpFormattingPolicy = $2
		$2.scope = text/x-csharp
		$0.TextStylePolicy = $3
		$3.FileWidth = 80
		$3.TabsToSpaces = True
		$3.scope = text/plain
		$0.TextStylePolicy = $4
		$4.inheritsSet = null
		$4.scope = text/x-json
		$0.TextStylePolicy = $5
		$5.inheritsSet = null
		$5.scope = text/x-web
		$0.TextStylePolicy = $6
		$6.inheritsSet = null
		$6.scope = text/x-vs
		$0.StandardHeader = $7
	EndGlobalSection
EndGlobal
